Microsoft Visual Studio Solution File, Format Version 12.00
# Visual Studio Version 17
VisualStudioVersion = 17.5.2.0
MinimumVisualStudioVersion = 10.0.40219.1
Project("{FAE04EC0-301F-11D3-BF4B-00C04F79EFBC}") = "Pggm.Components", "Pggm.Components\Pggm.Components.csproj", "{EA614DD5-0203-E65A-34BD-952ECF79AE88}"
EndProject
Project("{FAE04EC0-301F-11D3-BF4B-00C04F79EFBC}") = "Pggm.Components.Sample", "Sample\Pggm.Components.Sample.csproj", "{B7B9D1A2-8C4F-4E5A-9F1E-3A7D6E8B9C5F}"
EndProject
Global
	GlobalSection(SolutionConfigurationPlatforms) = preSolution
		Debug|Any CPU = Debug|Any CPU
		Release|Any CPU = Release|Any CPU
	EndGlobalSection
	GlobalSection(ProjectConfigurationPlatforms) = postSolution
		{EA614DD5-0203-E65A-34BD-952ECF79AE88}.Debug|Any CPU.ActiveCfg = Debug|Any CPU
		{EA614DD5-0203-E65A-34BD-952ECF79AE88}.Debug|Any CPU.Build.0 = Debug|Any CPU
		{EA614DD5-0203-E65A-34BD-952ECF79AE88}.Release|Any CPU.ActiveCfg = Release|Any CPU
		{EA614DD5-0203-E65A-34BD-952ECF79AE88}.Release|Any CPU.Build.0 = Release|Any CPU
		{B7B9D1A2-8C4F-4E5A-9F1E-3A7D6E8B9C5F}.Debug|Any CPU.ActiveCfg = Debug|Any CPU
		{B7B9D1A2-8C4F-4E5A-9F1E-3A7D6E8B9C5F}.Debug|Any CPU.Build.0 = Debug|Any CPU
		{B7B9D1A2-8C4F-4E5A-9F1E-3A7D6E8B9C5F}.Release|Any CPU.ActiveCfg = Release|Any CPU
		{B7B9D1A2-8C4F-4E5A-9F1E-3A7D6E8B9C5F}.Release|Any CPU.Build.0 = Release|Any CPU
	EndGlobalSection
	GlobalSection(SolutionProperties) = preSolution
		HideSolutionNode = FALSE
	EndGlobalSection
	GlobalSection(ExtensibilityGlobals) = postSolution
		SolutionGuid = {2212561B-D1E6-4F78-924D-D1D6637CF47E}
	EndGlobalSection
EndGlobal
